// !$*UTF8*$!
{
	archiveVersion = 1;
	classes = {
	};
	objectVersion = 46;
	objects = {

/* Begin PBXBuildFile section */
		9AC3B9B91CA2406300EF301F /* AppDelegate.swift in Sources */ = {isa = PBXBuildFile; fileRef = 9AC3B9B81CA2406300EF301F /* AppDelegate.swift */; };
		9AC3B9BB1CA2406300EF301F /* ViewController.swift in Sources */ = {isa = PBXBuildFile; fileRef = 9AC3B9BA1CA2406300EF301F /* ViewController.swift */; };
		9AC3B9BE1CA2406300EF301F /* Main.storyboard in Resources */ = {isa = PBXBuildFile; fileRef = 9AC3B9BC1CA2406300EF301F /* Main.storyboard */; };
		9AC3B9C01CA2406300EF301F /* Assets.xcassets in Resources */ = {isa = PBXBuildFile; fileRef = 9AC3B9BF1CA2406300EF301F /* Assets.xcassets */; };
		9AC3B9C31CA2406300EF301F /* LaunchScreen.storyboard in Resources */ = {isa = PBXBuildFile; fileRef = 9AC3B9C11CA2406300EF301F /* LaunchScreen.storyboard */; };
		9AC3B9CE1CA2406300EF301F /* TestUploadGithubTests.swift in Sources */ = {isa = PBXBuildFile; fileRef = 9AC3B9CD1CA2406300EF301F /* TestUploadGithubTests.swift */; };
		9AC3B9D91CA2406300EF301F /* TestUploadGithubUITests.swift in Sources */ = {isa = PBXBuildFile; fileRef = 9AC3B9D81CA2406300EF301F /* TestUploadGithubUITests.swift */; };
/* End PBXBuildFile section */

/* Begin PBXContainerItemProxy section */
		9AC3B9CA1CA2406300EF301F /* PBXContainerItemProxy */ = {
			isa = PBXContainerItemProxy;
			containerPortal = 9AC3B9AD1CA2406300EF301F /* Project object */;
			proxyType = 1;
			remoteGlobalIDString = 9AC3B9B41CA2406300EF301F;
			remoteInfo = TestUploadGithub;
		};
		9AC3B9D51CA2406300EF301F /* PBXContainerItemProxy */ = {
			isa = PBXContainerItemProxy;
			containerPortal = 9AC3B9AD1CA2406300EF301F /* Project object */;
			proxyType = 1;
			remoteGlobalIDString = 9AC3B9B41CA2406300EF301F;
			remoteInfo = TestUploadGithub;
		};
/* End PBXContainerItemProxy section */

/* Begin PBXFileReference section */
		9AC3B9B51CA2406300EF301F /* TestUploadGithub.app */ = {isa = PBXFileReference; explicitFileType = wrapper.application; includeInIndex = 0; path = TestUploadGithub.app; sourceTree = BUILT_PRODUCTS_DIR; };
		9AC3B9B81CA2406300EF301F /* AppDelegate.swift */ = {isa = PBXFileReference; lastKnownFileType = sourcecode.swift; path = AppDelegate.swift; sourceTree = "<group>"; };
		9AC3B9BA1CA2406300EF301F /* ViewController.swift */ = {isa = PBXFileReference; lastKnownFileType = sourcecode.swift; path = ViewController.swift; sourceTree = "<group>"; };
		9AC3B9BD1CA2406300EF301F /* Base */ = {isa = PBXFileReference; lastKnownFileType = file.storyboard; name = Base; path = Base.lproj/Main.storyboard; sourceTree = "<group>"; };
		9AC3B9BF1CA2406300EF301F /* Assets.xcassets */ = {isa = PBXFileReference; lastKnownFileType = folder.assetcatalog; path = Assets.xcassets; sourceTree = "<group>"; };
		9AC3B9C21CA2406300EF301F /* Base */ = {isa = PBXFileReference; lastKnownFileType = file.storyboard; name = Base; path = Base.lproj/LaunchScreen.storyboard; sourceTree = "<group>"; };
		9AC3B9C41CA2406300EF301F /* Info.plist */ = {isa = PBXFileReference; lastKnownFileType = text.plist.xml; path = Info.plist; sourceTree = "<group>"; };
		9AC3B9C91CA2406300EF301F /* TestUploadGithubTests.xctest */ = {isa = PBXFileReference; explicitFileType = wrapper.cfbundle; includeInIndex = 0; path = TestUploadGithubTests.xctest; sourceTree = BUILT_PRODUCTS_DIR; };
		9AC3B9CD1CA2406300EF301F /* TestUploadGithubTests.swift */ = {isa = PBXFileReference; lastKnownFileType = sourcecode.swift; path = TestUploadGithubTests.swift; sourceTree = "<group>"; };
		9AC3B9CF1CA2406300EF301F /* Info.plist */ = {isa = PBXFileReference; lastKnownFileType = text.plist.xml; path = Info.plist; sourceTree = "<group>"; };
		9AC3B9D41CA2406300EF301F /* TestUploadGithubUITests.xctest */ = {isa = PBXFileReference; explicitFileType = wrapper.cfbundle; includeInIndex = 0; path = TestUploadGithubUITests.xctest; sourceTree = BUILT_PRODUCTS_DIR; };
		9AC3B9D81CA2406300EF301F /* TestUploadGithubUITests.swift */ = {isa = PBXFileReference; lastKnownFileType = sourcecode.swift; path = TestUploadGithubUITests.swift; sourceTree = "<group>"; };
		9AC3B9DA1CA2406300EF301F /* Info.plist */ = {isa = PBXFileReference; lastKnownFileType = text.plist.xml; path = Info.plist; sourceTree = "<group>"; };
/* End PBXFileReference section */

/* Begin PBXFrameworksBuildPhase section */
		9AC3B9B21CA2406300EF301F /* Frameworks */ = {
			isa = PBXFrameworksBuildPhase;
			buildActionMask = 2147483647;
			files = (
			);
			runOnlyForDeploymentPostprocessing = 0;
		};
		9AC3B9C61CA2406300EF301F /* Frameworks */ = {
			isa = PBXFrameworksBuildPhase;
			buildActionMask = 2147483647;
			files = (
			);
			runOnlyForDeploymentPostprocessing = 0;
		};
		9AC3B9D11CA2406300EF301F /* Frameworks */ = {
			isa = PBXFrameworksBuildPhase;
			buildActionMask = 2147483647;
			files = (
			);
			runOnlyForDeploymentPostprocessing = 0;
		};
/* End PBXFrameworksBuildPhase section */

/* Begin PBXGroup section */
		9AC3B9AC1CA2406300EF301F = {
			isa = PBXGroup;
			children = (
				9AC3B9B71CA2406300EF301F /* TestUploadGithub */,
				9AC3B9CC1CA2406300EF301F /* TestUploadGithubTests */,
				9AC3B9D71CA2406300EF301F /* TestUploadGithubUITests */,
				9AC3B9B61CA2406300EF301F /* Products */,
			);
			sourceTree = "<group>";
		};
		9AC3B9B61CA2406300EF301F /* Products */ = {
			isa = PBXGroup;
			children = (
				9AC3B9B51CA2406300EF301F /* TestUploadGithub.app */,
				9AC3B9C91CA2406300EF301F /* TestUploadGithubTests.xctest */,
				9AC3B9D41CA2406300EF301F /* TestUploadGithubUITests.xctest */,
			);
			name = Products;
			sourceTree = "<group>";
		};
		9AC3B9B71CA2406300EF301F /* TestUploadGithub */ = {
			isa = PBXGroup;
			children = (
				9AC3B9B81CA2406300EF301F /* AppDelegate.swift */,
				9AC3B9BA1CA2406300EF301F /* ViewController.swift */,
				9AC3B9BC1CA2406300EF301F /* Main.storyboard */,
				9AC3B9BF1CA2406300EF301F /* Assets.xcassets */,
				9AC3B9C11CA2406300EF301F /* LaunchScreen.storyboard */,
				9AC3B9C41CA2406300EF301F /* Info.plist */,
			);
			path = TestUploadGithub;
			sourceTree = "<group>";
		};
		9AC3B9CC1CA2406300EF301F /* TestUploadGithubTests */ = {
			isa = PBXGroup;
			children = (
				9AC3B9CD1CA2406300EF301F /* TestUploadGithubTests.swift */,
				9AC3B9CF1CA2406300EF301F /* Info.plist */,
			);
			path = TestUploadGithubTests;
			sourceTree = "<group>";
		};
		9AC3B9D71CA2406300EF301F /* TestUploadGithubUITests */ = {
			isa = PBXGroup;
			children = (
				9AC3B9D81CA2406300EF301F /* TestUploadGithubUITests.swift */,
				9AC3B9DA1CA2406300EF301F /* Info.plist */,
			);
			path = TestUploadGithubUITests;
			sourceTree = "<group>";
		};
/* End PBXGroup section */

/* Begin PBXNativeTarget section */
		9AC3B9B41CA2406300EF301F /* TestUploadGithub */ = {
			isa = PBXNativeTarget;
			buildConfigurationList = 9AC3B9DD1CA2406300EF301F /* Build configuration list for PBXNativeTarget "TestUploadGithub" */;
			buildPhases = (
				9AC3B9B11CA2406300EF301F /* Sources */,
				9AC3B9B21CA2406300EF301F /* Frameworks */,
				9AC3B9B31CA2406300EF301F /* Resources */,
			);
			buildRules = (
			);
			dependencies = (
			);
			name = TestUploadGithub;
			productName = TestUploadGithub;
			productReference = 9AC3B9B51CA2406300EF301F /* TestUploadGithub.app */;
			productType = "com.apple.product-type.application";
		};
		9AC3B9C81CA2406300EF301F /* TestUploadGithubTests */ = {
			isa = PBXNativeTarget;
			buildConfigurationList = 9AC3B9E01CA2406300EF301F /* Build configuration list for PBXNativeTarget "TestUploadGithubTests" */;
			buildPhases = (
				9AC3B9C51CA2406300EF301F /* Sources */,
				9AC3B9C61CA2406300EF301F /* Frameworks */,
				9AC3B9C71CA2406300EF301F /* Resources */,
			);
			buildRules = (
			);
			dependencies = (
				9AC3B9CB1CA2406300EF301F /* PBXTargetDependency */,
			);
			name = TestUploadGithubTests;
			productName = TestUploadGithubTests;
			productReference = 9AC3B9C91CA2406300EF301F /* TestUploadGithubTests.xctest */;
			productType = "com.apple.product-type.bundle.unit-test";
		};
		9AC3B9D31CA2406300EF301F /* TestUploadGithubUITests */ = {
			isa = PBXNativeTarget;
			buildConfigurationList = 9AC3B9E31CA2406300EF301F /* Build configuration list for PBXNativeTarget "TestUploadGithubUITests" */;
			buildPhases = (
				9AC3B9D01CA2406300EF301F /* Sources */,
				9AC3B9D11CA2406300EF301F /* Frameworks */,
				9AC3B9D21CA2406300EF301F /* Resources */,
			);
			buildRules = (
			);
			dependencies = (
				9AC3B9D61CA2406300EF301F /* PBXTargetDependency */,
			);
			name = TestUploadGithubUITests;
			productName = TestUploadGithubUITests;
			productReference = 9AC3B9D41CA2406300EF301F /* TestUploadGithubUITests.xctest */;
			productType = "com.apple.product-type.bundle.ui-testing";
		};
/* End PBXNativeTarget section */

/* Begin PBXProject section */
		9AC3B9AD1CA2406300EF301F /* Project object */ = {
			isa = PBXProject;
			attributes = {
				LastSwiftUpdateCheck = 0720;
				LastUpgradeCheck = 0720;
				ORGANIZATIONNAME = "Peng Fei Ma";
				TargetAttributes = {
					9AC3B9B41CA2406300EF301F = {
						CreatedOnToolsVersion = 7.2;
					};
					9AC3B9C81CA2406300EF301F = {
						CreatedOnToolsVersion = 7.2;
						TestTargetID = 9AC3B9B41CA2406300EF301F;
					};
					9AC3B9D31CA2406300EF301F = {
						CreatedOnToolsVersion = 7.2;
						TestTargetID = 9AC3B9B41CA2406300EF301F;
					};
				};
			};
			buildConfigurationList = 9AC3B9B01CA2406300EF301F /* Build configuration list for PBXProject "TestUploadGithub" */;
			compatibilityVersion = "Xcode 3.2";
			developmentRegion = English;
			hasScannedForEncodings = 0;
			knownRegions = (
				en,
				Base,
			);
			mainGroup = 9AC3B9AC1CA2406300EF301F;
			productRefGroup = 9AC3B9B61CA2406300EF301F /* Products */;
			projectDirPath = "";
			projectRoot = "";
			targets = (
				9AC3B9B41CA2406300EF301F /* TestUploadGithub */,
				9AC3B9C81CA2406300EF301F /* TestUploadGithubTests */,
				9AC3B9D31CA2406300EF301F /* TestUploadGithubUITests */,
			);
		};
/* End PBXProject section */

/* Begin PBXResourcesBuildPhase section */
		9AC3B9B31CA2406300EF301F /* Resources */ = {
			isa = PBXResourcesBuildPhase;
			buildActionMask = 2147483647;
			files = (
				9AC3B9C31CA2406300EF301F /* LaunchScreen.storyboard in Resources */,
				9AC3B9C01CA2406300EF301F /* Assets.xcassets in Resources */,
				9AC3B9BE1CA2406300EF301F /* Main.storyboard in Resources */,
			);
			runOnlyForDeploymentPostprocessing = 0;
		};
		9AC3B9C71CA2406300EF301F /* Resources */ = {
			isa = PBXResourcesBuildPhase;
			buildActionMask = 2147483647;
			files = (
			);
			runOnlyForDeploymentPostprocessing = 0;
		};
		9AC3B9D21CA2406300EF301F /* Resources */ = {
			isa = PBXResourcesBuildPhase;
			buildActionMask = 2147483647;
			files = (
			);
			runOnlyForDeploymentPostprocessing = 0;
		};
/* End PBXResourcesBuildPhase section */

/* Begin PBXSourcesBuildPhase section */
		9AC3B9B11CA2406300EF301F /* Sources */ = {
			isa = PBXSourcesBuildPhase;
			buildActionMask = 2147483647;
			files = (
				9AC3B9BB1CA2406300EF301F /* ViewController.swift in Sources */,
				9AC3B9B91CA2406300EF301F /* AppDelegate.swift in Sources */,
			);
			runOnlyForDeploymentPostprocessing = 0;
		};
		9AC3B9C51CA2406300EF301F /* Sources */ = {
			isa = PBXSourcesBuildPhase;
			buildActionMask = 2147483647;
			files = (
				9AC3B9CE1CA2406300EF301F /* TestUploadGithubTests.swift in Sources */,
			);
			runOnlyForDeploymentPostprocessing = 0;
		};
		9AC3B9D01CA2406300EF301F /* Sources */ = {
			isa = PBXSourcesBuildPhase;
			buildActionMask = 2147483647;
			files = (
				9AC3B9D91CA2406300EF301F /* TestUploadGithubUITests.swift in Sources */,
			);
			runOnlyForDeploymentPostprocessing = 0;
		};
/* End PBXSourcesBuildPhase section */

/* Begin PBXTargetDependency section */
		9AC3B9CB1CA2406300EF301F /* PBXTargetDependency */ = {
			isa = PBXTargetDependency;
			target = 9AC3B9B41CA2406300EF301F /* TestUploadGithub */;
			targetProxy = 9AC3B9CA1CA2406300EF301F /* PBXContainerItemProxy */;
		};
		9AC3B9D61CA2406300EF301F /* PBXTargetDependency */ = {
			isa = PBXTargetDependency;
			target = 9AC3B9B41CA2406300EF301F /* TestUploadGithub */;
			targetProxy = 9AC3B9D51CA2406300EF301F /* PBXContainerItemProxy */;
		};
/* End PBXTargetDependency section */

/* Begin PBXVariantGroup section */
		9AC3B9BC1CA2406300EF301F /* Main.storyboard */ = {
			isa = PBXVariantGroup;
			children = (
				9AC3B9BD1CA2406300EF301F /* Base */,
			);
			name = Main.storyboard;
			sourceTree = "<group>";
		};
		9AC3B9C11CA2406300EF301F /* LaunchScreen.storyboard */ = {
			isa = PBXVariantGroup;
			children = (
				9AC3B9C21CA2406300EF301F /* Base */,
			);
			name = LaunchScreen.storyboard;
			sourceTree = "<group>";
		};
/* End PBXVariantGroup section */

/* Begin XCBuildConfiguration section */
		9AC3B9DB1CA2406300EF301F /* Debug */ = {
			isa = XCBuildConfiguration;
			buildSettings = {
				ALWAYS_SEARCH_USER_PATHS = NO;
				CLANG_CXX_LANGUAGE_STANDARD = "gnu++0x";
				CLANG_CXX_LIBRARY = "libc++";
				CLANG_ENABLE_MODULES = YES;
				CLANG_ENABLE_OBJC_ARC = YES;
				CLANG_WARN_BOOL_CONVERSION = YES;
				CLANG_WARN_CONSTANT_CONVERSION = YES;
				CLANG_WARN_DIRECT_OBJC_ISA_USAGE = YES_ERROR;
				CLANG_WARN_EMPTY_BODY = YES;
				CLANG_WARN_ENUM_CONVERSION = YES;
				CLANG_WARN_INT_CONVERSION = YES;
				CLANG_WARN_OBJC_ROOT_CLASS = YES_ERROR;
				CLANG_WARN_UNREACHABLE_CODE = YES;
				CLANG_WARN__DUPLICATE_METHOD_MATCH = YES;
				"CODE_SIGN_IDENTITY[sdk=iphoneos*]" = "iPhone Developer";
				COPY_PHASE_STRIP = NO;
				DEBUG_INFORMATION_FORMAT = dwarf;
				ENABLE_STRICT_OBJC_MSGSEND = YES;
				ENABLE_TESTABILITY = YES;
				GCC_C_LANGUAGE_STANDARD = gnu99;
				GCC_DYNAMIC_NO_PIC = NO;
				GCC_NO_COMMON_BLOCKS = YES;
				GCC_OPTIMIZATION_LEVEL = 0;
				GCC_PREPROCESSOR_DEFINITIONS = (
					"DEBUG=1",
					"$(inherited)",
				);
				GCC_WARN_64_TO_32_BIT_CONVERSION = YES;
				GCC_WARN_ABOUT_RETURN_TYPE = YES_ERROR;
				GCC_WARN_UNDECLARED_SELECTOR = YES;
				GCC_WARN_UNINITIALIZED_AUTOS = YES_AGGRESSIVE;
				GCC_WARN_UNUSED_FUNCTION = YES;
				GCC_WARN_UNUSED_VARIABLE = YES;
				IPHONEOS_DEPLOYMENT_TARGET = 9.2;
				MTL_ENABLE_DEBUG_INFO = YES;
				ONLY_ACTIVE_ARCH = YES;
				SDKROOT = iphoneos;
				SWIFT_OPTIMIZATION_LEVEL = "-Onone";
			};
			name = Debug;
		};
		9AC3B9DC1CA2406300EF301F /* Release */ = {
			isa = XCBuildConfiguration;
			buildSettings = {
				ALWAYS_SEARCH_USER_PATHS = NO;
				CLANG_CXX_LANGUAGE_STANDARD = "gnu++0x";
				CLANG_CXX_LIBRARY = "libc++";
				CLANG_ENABLE_MODULES = YES;
				CLANG_ENABLE_OBJC_ARC = YES;
				CLANG_WARN_BOOL_CONVERSION = YES;
				CLANG_WARN_CONSTANT_CONVERSION = YES;
				CLANG_WARN_DIRECT_OBJC_ISA_USAGE = YES_ERROR;
				CLANG_WARN_EMPTY_BODY = YES;
				CLANG_WARN_ENUM_CONVERSION = YES;
				CLANG_WARN_INT_CONVERSION = YES;
				CLANG_WARN_OBJC_ROOT_CLASS = YES_ERROR;
				CLANG_WARN_UNREACHABLE_CODE = YES;
				CLANG_WARN__DUPLICATE_METHOD_MATCH = YES;
				"CODE_SIGN_IDENTITY[sdk=iphoneos*]" = "iPhone Developer";
				COPY_PHASE_STRIP = NO;
				DEBUG_INFORMATION_FORMAT = "dwarf-with-dsym";
				ENABLE_NS_ASSERTIONS = NO;
				ENABLE_STRICT_OBJC_MSGSEND = YES;
				GCC_C_LANGUAGE_STANDARD = gnu99;
				GCC_NO_COMMON_BLOCKS = YES;
				GCC_WARN_64_TO_32_BIT_CONVERSION = YES;
				GCC_WARN_ABOUT_RETURN_TYPE = YES_ERROR;
				GCC_WARN_UNDECLARED_SELECTOR = YES;
				GCC_WARN_UNINITIALIZED_AUTOS = YES_AGGRESSIVE;
				GCC_WARN_UNUSED_FUNCTION = YES;
				GCC_WARN_UNUSED_VARIABLE = YES;
				IPHONEOS_DEPLOYMENT_TARGET = 9.2;
				MTL_ENABLE_DEBUG_INFO = NO;
				SDKROOT = iphoneos;
				VALIDATE_PRODUCT = YES;
			};
			name = Release;
		};
		9AC3B9DE1CA2406300EF301F /* Debug */ = {
			isa = XCBuildConfiguration;
			buildSettings = {
				ASSETCATALOG_COMPILER_APPICON_NAME = AppIcon;
				INFOPLIST_FILE = TestUploadGithub/Info.plist;
				LD_RUNPATH_SEARCH_PATHS = "$(inherited) @executable_path/Frameworks";
				PRODUCT_BUNDLE_IDENTIFIER = com.test.TestUploadGithub;
				PRODUCT_NAME = "$(TARGET_NAME)";
			};
			name = Debug;
		};
		9AC3B9DF1CA2406300EF301F /* Release */ = {
			isa = XCBuildConfiguration;
			buildSettings = {
				ASSETCATALOG_COMPILER_APPICON_NAME = AppIcon;
				INFOPLIST_FILE = TestUploadGithub/Info.plist;
				LD_RUNPATH_SEARCH_PATHS = "$(inherited) @executable_path/Frameworks";
				PRODUCT_BUNDLE_IDENTIFIER = com.test.TestUploadGithub;
				PRODUCT_NAME = "$(TARGET_NAME)";
			};
			name = Release;
		};
		9AC3B9E11CA2406300EF301F /* Debug */ = {
			isa = XCBuildConfiguration;
			buildSettings = {
				BUNDLE_LOADER = "$(TEST_HOST)";
				INFOPLIST_FILE = TestUploadGithubTests/Info.plist;
				LD_RUNPATH_SEARCH_PATHS = "$(inherited) @executable_path/Frameworks @loader_path/Frameworks";
				PRODUCT_BUNDLE_IDENTIFIER = com.test.TestUploadGithubTests;
				PRODUCT_NAME = "$(TARGET_NAME)";
				TEST_HOST = "$(BUILT_PRODUCTS_DIR)/TestUploadGithub.app/TestUploadGithub";
			};
			name = Debug;
		};
		9AC3B9E21CA2406300EF301F /* Release */ = {
			isa = XCBuildConfiguration;
			buildSettings = {
				BUNDLE_LOADER = "$(TEST_HOST)";
				INFOPLIST_FILE = TestUploadGithubTests/Info.plist;
				LD_RUNPATH_SEARCH_PATHS = "$(inherited) @executable_path/Frameworks @loader_path/Frameworks";
				PRODUCT_BUNDLE_IDENTIFIER = com.test.TestUploadGithubTests;
				PRODUCT_NAME = "$(TARGET_NAME)";
				TEST_HOST = "$(BUILT_PRODUCTS_DIR)/TestUploadGithub.app/TestUploadGithub";
			};
			name = Release;
		};
		9AC3B9E41CA2406300EF301F /* Debug */ = {
			isa = XCBuildConfiguration;
			buildSettings = {
				INFOPLIST_FILE = TestUploadGithubUITests/Info.plist;
				LD_RUNPATH_SEARCH_PATHS = "$(inherited) @executable_path/Frameworks @loader_path/Frameworks";
				PRODUCT_BUNDLE_IDENTIFIER = com.test.TestUploadGithubUITests;
				PRODUCT_NAME = "$(TARGET_NAME)";
				TEST_TARGET_NAME = TestUploadGithub;
				USES_XCTRUNNER = YES;
			};
			name = Debug;
		};
		9AC3B9E51CA2406300EF301F /* Release */ = {
			isa = XCBuildConfiguration;
			buildSettings = {
				INFOPLIST_FILE = TestUploadGithubUITests/Info.plist;
				LD_RUNPATH_SEARCH_PATHS = "$(inherited) @executable_path/Frameworks @loader_path/Frameworks";
				PRODUCT_BUNDLE_IDENTIFIER = com.test.TestUploadGithubUITests;
				PRODUCT_NAME = "$(TARGET_NAME)";
				TEST_TARGET_NAME = TestUploadGithub;
				USES_XCTRUNNER = YES;
			};
			name = Release;
		};
/* End XCBuildConfiguration section */

/* Begin XCConfigurationList section */
		9AC3B9B01CA2406300EF301F /* Build configuration list for PBXProject "TestUploadGithub" */ = {
			isa = XCConfigurationList;
			buildConfigurations = (
				9AC3B9DB1CA2406300EF301F /* Debug */,
				9AC3B9DC1CA2406300EF301F /* Release */,
			);
			defaultConfigurationIsVisible = 0;
			defaultConfigurationName = Release;
		};
		9AC3B9DD1CA2406300EF301F /* Build configuration list for PBXNativeTarget "TestUploadGithub" */ = {
			isa = XCConfigurationList;
			buildConfigurations = (
				9AC3B9DE1CA2406300EF301F /* Debug */,
				9AC3B9DF1CA2406300EF301F /* Release */,
			);
			defaultConfigurationIsVisible = 0;
		};
		9AC3B9E01CA2406300EF301F /* Build configuration list for PBXNativeTarget "TestUploadGithubTests" */ = {
			isa = XCConfigurationList;
			buildConfigurations = (
				9AC3B9E11CA2406300EF301F /* Debug */,
				9AC3B9E21CA2406300EF301F /* Release */,
			);
			defaultConfigurationIsVisible = 0;
		};
		9AC3B9E31CA2406300EF301F /* Build configuration list for PBXNativeTarget "TestUploadGithubUITests" */ = {
			isa = XCConfigurationList;
			buildConfigurations = (
				9AC3B9E41CA2406300EF301F /* Debug */,
				9AC3B9E51CA2406300EF301F /* Release */,
			);
			defaultConfigurationIsVisible = 0;
		};
/* End XCConfigurationList section */
	};
	rootObject = 9AC3B9AD1CA2406300EF301F /* Project object */;
}
